
Microsoft Visual Studio Solution File, Format Version 12.00
# Visual Studio 15
VisualStudioVersion = 15.0.28307.1231
MinimumVisualStudioVersion = 10.0.40219.1
Project("{FAE04EC0-301F-11D3-BF4B-00C04F79EFBC}") = "Assignment2Spring21", "Assignment2Spring21\Assignment2Spring21.csproj", "{598F3B61-8E03-4244-ACA0-2BFF1768EA26}"
EndProject
Global
	GlobalSection(SolutionConfigurationPlatforms) = preSolution
		Debug|Any CPU = Debug|Any CPU
		Release|Any CPU = Release|Any CPU
	EndGlobalSection
	GlobalSection(ProjectConfigurationPlatforms) = postSolution
		{598F3B61-8E03-4244-ACA0-2BFF1768EA26}.Debug|Any CPU.ActiveCfg = Debug|Any CPU
		{598F3B61-8E03-4244-ACA0-2BFF1768EA26}.Debug|Any CPU.Build.0 = Debug|Any CPU
		{598F3B61-8E03-4244-ACA0-2BFF1768EA26}.Release|Any CPU.ActiveCfg = Release|Any CPU
		{598F3B61-8E03-4244-ACA0-2BFF1768EA26}.Release|Any CPU.Build.0 = Release|Any CPU
	EndGlobalSection
	GlobalSection(SolutionProperties) = preSolution
		HideSolutionNode = FALSE
	EndGlobalSection
	GlobalSection(ExtensibilityGlobals) = postSolution
		SolutionGuid = {86B360F0-984D-4D6D-A718-535A4779F6B5}
	EndGlobalSection
EndGlobal
